// !$*UTF8*$!
{
	archiveVersion = 1;
	classes = {
	};
	objectVersion = 56;
	objects = {

/* Begin PBXBuildFile section */
		2539A0D9290D9FFD006E0CA4 /* Core.swift in Sources */ = {isa = PBXBuildFile; fileRef = 2539A0D8290D9FFD006E0CA4 /* Core.swift */; };
		2539A0DB290DA60A006E0CA4 /* Process.swift in Sources */ = {isa = PBXBuildFile; fileRef = 2539A0DA290DA60A006E0CA4 /* Process.swift */; };
		2539A0DD290DC103006E0CA4 /* Clock.swift in Sources */ = {isa = PBXBuildFile; fileRef = 2539A0DC290DC103006E0CA4 /* Clock.swift */; };
		2539A0DF290E8D8C006E0CA4 /* MMU.swift in Sources */ = {isa = PBXBuildFile; fileRef = 2539A0DE290E8D8C006E0CA4 /* MMU.swift */; };
		2539A0E5290EA436006E0CA4 /* Kernel.swift in Sources */ = {isa = PBXBuildFile; fileRef = 2539A0E4290EA436006E0CA4 /* Kernel.swift */; };
		2539A0E7290EA99A006E0CA4 /* Handler.swift in Sources */ = {isa = PBXBuildFile; fileRef = 2539A0E6290EA99A006E0CA4 /* Handler.swift */; };
		2539A0EB290F5F4B006E0CA4 /* Queue.swift in Sources */ = {isa = PBXBuildFile; fileRef = 2539A0EA290F5F4B006E0CA4 /* Queue.swift */; };
		2539A0F729115920006E0CA4 /* PriorityQueue.swift in Sources */ = {isa = PBXBuildFile; fileRef = 2539A0F629115920006E0CA4 /* PriorityQueue.swift */; };
		2566B32629129ECE00B0548E /* PageTable.swift in Sources */ = {isa = PBXBuildFile; fileRef = 2566B32529129ECE00B0548E /* PageTable.swift */; };
		257583CE290C5F8100619A7E /* main.swift in Sources */ = {isa = PBXBuildFile; fileRef = 257583CD290C5F8100619A7E /* main.swift */; };
		257583D5290C5FAA00619A7E /* Memory.swift in Sources */ = {isa = PBXBuildFile; fileRef = 257583D4290C5FAA00619A7E /* Memory.swift */; };
		257583D7290C5FCC00619A7E /* Byte.swift in Sources */ = {isa = PBXBuildFile; fileRef = 257583D6290C5FCC00619A7E /* Byte.swift */; };
		257583DB290CE74000619A7E /* Address.swift in Sources */ = {isa = PBXBuildFile; fileRef = 257583DA290CE74000619A7E /* Address.swift */; };
		257583DD290CED5F00619A7E /* Word.swift in Sources */ = {isa = PBXBuildFile; fileRef = 257583DC290CED5F00619A7E /* Word.swift */; };
		25758403290D545500619A7E /* Programme.swift in Sources */ = {isa = PBXBuildFile; fileRef = 25758402290D545500619A7E /* Programme.swift */; };
		25C3672829150E0D009FF03D /* Memory+CustomStringConvertible.swift in Sources */ = {isa = PBXBuildFile; fileRef = 25C3672729150E0D009FF03D /* Memory+CustomStringConvertible.swift */; };
		25C3672B29150E67009FF03D /* Frame+CustomStringConvertible.swift in Sources */ = {isa = PBXBuildFile; fileRef = 25C3672A29150E67009FF03D /* Frame+CustomStringConvertible.swift */; };
		25C3672D29151E8B009FF03D /* Process+CustomStringConvertible.swift in Sources */ = {isa = PBXBuildFile; fileRef = 25C3672C29151E8B009FF03D /* Process+CustomStringConvertible.swift */; };
		25C3672F291601DA009FF03D /* Instruction.swift in Sources */ = {isa = PBXBuildFile; fileRef = 25C3672E291601DA009FF03D /* Instruction.swift */; };
		25C36735291615E9009FF03D /* ISA.swift in Sources */ = {isa = PBXBuildFile; fileRef = 25C36734291615E9009FF03D /* ISA.swift */; };
		25C3673729161B50009FF03D /* Core Interrupts.swift in Sources */ = {isa = PBXBuildFile; fileRef = 25C3673629161B50009FF03D /* Core Interrupts.swift */; };
		25C367392916218E009FF03D /* ALU Instructions.swift in Sources */ = {isa = PBXBuildFile; fileRef = 25C367382916218E009FF03D /* ALU Instructions.swift */; };
		25C3673B29162C69009FF03D /* ALU.swift in Sources */ = {isa = PBXBuildFile; fileRef = 25C3673A29162C69009FF03D /* ALU.swift */; };
		25C3673D29163636009FF03D /* ALU Interrupts.swift in Sources */ = {isa = PBXBuildFile; fileRef = 25C3673C29163636009FF03D /* ALU Interrupts.swift */; };
		25C3673F29164041009FF03D /* CU.swift in Sources */ = {isa = PBXBuildFile; fileRef = 25C3673E29164041009FF03D /* CU.swift */; };
		25C36741291648EF009FF03D /* CU Interrupts.swift in Sources */ = {isa = PBXBuildFile; fileRef = 25C36740291648EE009FF03D /* CU Interrupts.swift */; };
		25C36745291674A2009FF03D /* MMU Instructions.swift in Sources */ = {isa = PBXBuildFile; fileRef = 25C36744291674A2009FF03D /* MMU Instructions.swift */; };
		25C36747291674AE009FF03D /* CU Instructions.swift in Sources */ = {isa = PBXBuildFile; fileRef = 25C36746291674AE009FF03D /* CU Instructions.swift */; };
		25C3674A29169BFB009FF03D /* Kernel Interrupts.swift in Sources */ = {isa = PBXBuildFile; fileRef = 25C3674929169BFB009FF03D /* Kernel Interrupts.swift */; };
		25DCB5612913EBE1004921DD /* Disk.swift in Sources */ = {isa = PBXBuildFile; fileRef = 25DCB5602913EBE1004921DD /* Disk.swift */; };
		25DCB564291416D8004921DD /* Frame.swift in Sources */ = {isa = PBXBuildFile; fileRef = 25DCB563291416D8004921DD /* Frame.swift */; };
		25DCB568291417C3004921DD /* Register.swift in Sources */ = {isa = PBXBuildFile; fileRef = 25DCB567291417C3004921DD /* Register.swift */; };
		25DCB56D291418AF004921DD /* MMU Interrupts.swift in Sources */ = {isa = PBXBuildFile; fileRef = 25DCB56C291418AF004921DD /* MMU Interrupts.swift */; };
		25DCB5762914AE3D004921DD /* Programme Interrupts.swift in Sources */ = {isa = PBXBuildFile; fileRef = 25DCB5752914AE3D004921DD /* Programme Interrupts.swift */; };
		25DCB57B2914B284004921DD /* State.swift in Sources */ = {isa = PBXBuildFile; fileRef = 25DCB57A2914B284004921DD /* State.swift */; };
		25DCB57D2914B2A4004921DD /* Process Interrupts.swift in Sources */ = {isa = PBXBuildFile; fileRef = 25DCB57C2914B2A4004921DD /* Process Interrupts.swift */; };
		25DCB57F2914B2CA004921DD /* Process ID.swift in Sources */ = {isa = PBXBuildFile; fileRef = 25DCB57E2914B2CA004921DD /* Process ID.swift */; };
		25DCB5852914B5BE004921DD /* Process+Comparable.swift in Sources */ = {isa = PBXBuildFile; fileRef = 25DCB5842914B5BE004921DD /* Process+Comparable.swift */; };
		25DCB5872914B625004921DD /* Interrupt Line.swift in Sources */ = {isa = PBXBuildFile; fileRef = 25DCB5862914B625004921DD /* Interrupt Line.swift */; };
		25DCB5892914B85F004921DD /* Scheduler.swift in Sources */ = {isa = PBXBuildFile; fileRef = 25DCB5882914B85F004921DD /* Scheduler.swift */; };
		25DCB58B2914B8B7004921DD /* Allocator.swift in Sources */ = {isa = PBXBuildFile; fileRef = 25DCB58A2914B8B7004921DD /* Allocator.swift */; };
		25DCB5922914E775004921DD /* Time.swift in Sources */ = {isa = PBXBuildFile; fileRef = 25DCB5912914E775004921DD /* Time.swift */; };
		25DCB5952914E841004921DD /* Bootstrap.swift in Sources */ = {isa = PBXBuildFile; fileRef = 25DCB5942914E841004921DD /* Bootstrap.swift */; };
/* End PBXBuildFile section */

/* Begin PBXCopyFilesBuildPhase section */
		257583C8290C5F8100619A7E /* CopyFiles */ = {
			isa = PBXCopyFilesBuildPhase;
			buildActionMask = 2147483647;
			dstPath = /usr/share/man/man1/;
			dstSubfolderSpec = 0;
			files = (
			);
			runOnlyForDeploymentPostprocessing = 1;
		};
/* End PBXCopyFilesBuildPhase section */

/* Begin PBXFileReference section */
		252A68F22916FEBF00BD49AE /* README.md */ = {isa = PBXFileReference; lastKnownFileType = net.daringfireball.markdown; path = README.md; sourceTree = "<group>"; };
		252A68F3291701C100BD49AE /* cosmOS.doccarchive */ = {isa = PBXFileReference; lastKnownFileType = wrapper; path = cosmOS.doccarchive; sourceTree = "<group>"; };
		2539A0D8290D9FFD006E0CA4 /* Core.swift */ = {isa = PBXFileReference; lastKnownFileType = sourcecode.swift; path = Core.swift; sourceTree = "<group>"; };
		2539A0DA290DA60A006E0CA4 /* Process.swift */ = {isa = PBXFileReference; fileEncoding = 4; lastKnownFileType = sourcecode.swift; path = Process.swift; sourceTree = "<group>"; };
		2539A0DC290DC103006E0CA4 /* Clock.swift */ = {isa = PBXFileReference; lastKnownFileType = sourcecode.swift; path = Clock.swift; sourceTree = "<group>"; };
		2539A0DE290E8D8C006E0CA4 /* MMU.swift */ = {isa = PBXFileReference; lastKnownFileType = sourcecode.swift; path = MMU.swift; sourceTree = "<group>"; };
		2539A0E4290EA436006E0CA4 /* Kernel.swift */ = {isa = PBXFileReference; lastKnownFileType = sourcecode.swift; path = Kernel.swift; sourceTree = "<group>"; };
		2539A0E6290EA99A006E0CA4 /* Handler.swift */ = {isa = PBXFileReference; lastKnownFileType = sourcecode.swift; path = Handler.swift; sourceTree = "<group>"; };
		2539A0EA290F5F4B006E0CA4 /* Queue.swift */ = {isa = PBXFileReference; lastKnownFileType = sourcecode.swift; path = Queue.swift; sourceTree = "<group>"; };
		2539A0F629115920006E0CA4 /* PriorityQueue.swift */ = {isa = PBXFileReference; lastKnownFileType = sourcecode.swift; path = PriorityQueue.swift; sourceTree = "<group>"; };
		2566B32529129ECE00B0548E /* PageTable.swift */ = {isa = PBXFileReference; lastKnownFileType = sourcecode.swift; path = PageTable.swift; sourceTree = "<group>"; };
		257583CA290C5F8100619A7E /* cosmOS */ = {isa = PBXFileReference; explicitFileType = "compiled.mach-o.executable"; includeInIndex = 0; path = cosmOS; sourceTree = BUILT_PRODUCTS_DIR; };
		257583CD290C5F8100619A7E /* main.swift */ = {isa = PBXFileReference; lastKnownFileType = sourcecode.swift; path = main.swift; sourceTree = "<group>"; };
		257583D4290C5FAA00619A7E /* Memory.swift */ = {isa = PBXFileReference; lastKnownFileType = sourcecode.swift; path = Memory.swift; sourceTree = "<group>"; };
		257583D6290C5FCC00619A7E /* Byte.swift */ = {isa = PBXFileReference; lastKnownFileType = sourcecode.swift; path = Byte.swift; sourceTree = "<group>"; };
		257583DA290CE74000619A7E /* Address.swift */ = {isa = PBXFileReference; lastKnownFileType = sourcecode.swift; path = Address.swift; sourceTree = "<group>"; };
		257583DC290CED5F00619A7E /* Word.swift */ = {isa = PBXFileReference; lastKnownFileType = sourcecode.swift; path = Word.swift; sourceTree = "<group>"; };
		25758402290D545500619A7E /* Programme.swift */ = {isa = PBXFileReference; lastKnownFileType = sourcecode.swift; path = Programme.swift; sourceTree = "<group>"; };
		25C3672729150E0D009FF03D /* Memory+CustomStringConvertible.swift */ = {isa = PBXFileReference; lastKnownFileType = sourcecode.swift; path = "Memory+CustomStringConvertible.swift"; sourceTree = "<group>"; };
		25C3672A29150E67009FF03D /* Frame+CustomStringConvertible.swift */ = {isa = PBXFileReference; lastKnownFileType = sourcecode.swift; path = "Frame+CustomStringConvertible.swift"; sourceTree = "<group>"; };
		25C3672C29151E8B009FF03D /* Process+CustomStringConvertible.swift */ = {isa = PBXFileReference; lastKnownFileType = sourcecode.swift; path = "Process+CustomStringConvertible.swift"; sourceTree = "<group>"; };
		25C3672E291601DA009FF03D /* Instruction.swift */ = {isa = PBXFileReference; lastKnownFileType = sourcecode.swift; path = Instruction.swift; sourceTree = "<group>"; };
		25C36734291615E9009FF03D /* ISA.swift */ = {isa = PBXFileReference; lastKnownFileType = sourcecode.swift; path = ISA.swift; sourceTree = "<group>"; };
		25C3673629161B50009FF03D /* Core Interrupts.swift */ = {isa = PBXFileReference; lastKnownFileType = sourcecode.swift; path = "Core Interrupts.swift"; sourceTree = "<group>"; };
		25C367382916218E009FF03D /* ALU Instructions.swift */ = {isa = PBXFileReference; lastKnownFileType = sourcecode.swift; path = "ALU Instructions.swift"; sourceTree = "<group>"; };
		25C3673A29162C69009FF03D /* ALU.swift */ = {isa = PBXFileReference; lastKnownFileType = sourcecode.swift; path = ALU.swift; sourceTree = "<group>"; };
		25C3673C29163636009FF03D /* ALU Interrupts.swift */ = {isa = PBXFileReference; lastKnownFileType = sourcecode.swift; path = "ALU Interrupts.swift"; sourceTree = "<group>"; };
		25C3673E29164041009FF03D /* CU.swift */ = {isa = PBXFileReference; lastKnownFileType = sourcecode.swift; path = CU.swift; sourceTree = "<group>"; };
		25C36740291648EE009FF03D /* CU Interrupts.swift */ = {isa = PBXFileReference; lastKnownFileType = sourcecode.swift; path = "CU Interrupts.swift"; sourceTree = "<group>"; };
		25C36744291674A2009FF03D /* MMU Instructions.swift */ = {isa = PBXFileReference; lastKnownFileType = sourcecode.swift; path = "MMU Instructions.swift"; sourceTree = "<group>"; };
		25C36746291674AE009FF03D /* CU Instructions.swift */ = {isa = PBXFileReference; lastKnownFileType = sourcecode.swift; path = "CU Instructions.swift"; sourceTree = "<group>"; };
		25C3674929169BFB009FF03D /* Kernel Interrupts.swift */ = {isa = PBXFileReference; lastKnownFileType = sourcecode.swift; path = "Kernel Interrupts.swift"; sourceTree = "<group>"; };
		25DCB5602913EBE1004921DD /* Disk.swift */ = {isa = PBXFileReference; lastKnownFileType = sourcecode.swift; path = Disk.swift; sourceTree = "<group>"; };
		25DCB563291416D8004921DD /* Frame.swift */ = {isa = PBXFileReference; lastKnownFileType = sourcecode.swift; path = Frame.swift; sourceTree = "<group>"; };
		25DCB567291417C3004921DD /* Register.swift */ = {isa = PBXFileReference; lastKnownFileType = sourcecode.swift; path = Register.swift; sourceTree = "<group>"; };
		25DCB56C291418AF004921DD /* MMU Interrupts.swift */ = {isa = PBXFileReference; lastKnownFileType = sourcecode.swift; path = "MMU Interrupts.swift"; sourceTree = "<group>"; };
		25DCB5752914AE3D004921DD /* Programme Interrupts.swift */ = {isa = PBXFileReference; lastKnownFileType = sourcecode.swift; path = "Programme Interrupts.swift"; sourceTree = "<group>"; };
		25DCB57A2914B284004921DD /* State.swift */ = {isa = PBXFileReference; lastKnownFileType = sourcecode.swift; path = State.swift; sourceTree = "<group>"; };
		25DCB57C2914B2A4004921DD /* Process Interrupts.swift */ = {isa = PBXFileReference; lastKnownFileType = sourcecode.swift; path = "Process Interrupts.swift"; sourceTree = "<group>"; };
		25DCB57E2914B2CA004921DD /* Process ID.swift */ = {isa = PBXFileReference; lastKnownFileType = sourcecode.swift; path = "Process ID.swift"; sourceTree = "<group>"; };
		25DCB5842914B5BE004921DD /* Process+Comparable.swift */ = {isa = PBXFileReference; lastKnownFileType = sourcecode.swift; path = "Process+Comparable.swift"; sourceTree = "<group>"; };
		25DCB5862914B625004921DD /* Interrupt Line.swift */ = {isa = PBXFileReference; lastKnownFileType = sourcecode.swift; path = "Interrupt Line.swift"; sourceTree = "<group>"; };
		25DCB5882914B85F004921DD /* Scheduler.swift */ = {isa = PBXFileReference; lastKnownFileType = sourcecode.swift; path = Scheduler.swift; sourceTree = "<group>"; };
		25DCB58A2914B8B7004921DD /* Allocator.swift */ = {isa = PBXFileReference; lastKnownFileType = sourcecode.swift; path = Allocator.swift; sourceTree = "<group>"; };
		25DCB5912914E775004921DD /* Time.swift */ = {isa = PBXFileReference; lastKnownFileType = sourcecode.swift; path = Time.swift; sourceTree = "<group>"; };
		25DCB5942914E841004921DD /* Bootstrap.swift */ = {isa = PBXFileReference; lastKnownFileType = sourcecode.swift; path = Bootstrap.swift; sourceTree = "<group>"; };
/* End PBXFileReference section */

/* Begin PBXFrameworksBuildPhase section */
		257583C7290C5F8100619A7E /* Frameworks */ = {
			isa = PBXFrameworksBuildPhase;
			buildActionMask = 2147483647;
			files = (
			);
			runOnlyForDeploymentPostprocessing = 0;
		};
/* End PBXFrameworksBuildPhase section */

/* Begin PBXGroup section */
		252A68F12916FEAD00BD49AE /* docs */ = {
			isa = PBXGroup;
			children = (
				252A68F22916FEBF00BD49AE /* README.md */,
				252A68F3291701C100BD49AE /* cosmOS.doccarchive */,
			);
			path = docs;
			sourceTree = "<group>";
		};
		257583C1290C5F8100619A7E = {
			isa = PBXGroup;
			children = (
				252A68F12916FEAD00BD49AE /* docs */,
				257583CC290C5F8100619A7E /* cosmOS */,
				257583CB290C5F8100619A7E /* Products */,
			);
			sourceTree = "<group>";
		};
		257583CB290C5F8100619A7E /* Products */ = {
			isa = PBXGroup;
			children = (
				257583CA290C5F8100619A7E /* cosmOS */,
			);
			name = Products;
			sourceTree = "<group>";
		};
		257583CC290C5F8100619A7E /* cosmOS */ = {
			isa = PBXGroup;
			children = (
				25DCB58F2914E583004921DD /* Virtual Machine */,
				25DCB58E2914E523004921DD /* Data Structures */,
				257583CD290C5F8100619A7E /* main.swift */,
			);
			path = cosmOS;
			sourceTree = "<group>";
		};
		25C3672929150E56009FF03D /* Frame */ = {
			isa = PBXGroup;
			children = (
				25DCB563291416D8004921DD /* Frame.swift */,
				25C3672A29150E67009FF03D /* Frame+CustomStringConvertible.swift */,
			);
			path = Frame;
			sourceTree = "<group>";
		};
		25C36733291615DD009FF03D /* Instructions */ = {
			isa = PBXGroup;
			children = (
				25C36734291615E9009FF03D /* ISA.swift */,
				25C367382916218E009FF03D /* ALU Instructions.swift */,
				25C36744291674A2009FF03D /* MMU Instructions.swift */,
				25C36746291674AE009FF03D /* CU Instructions.swift */,
			);
			path = Instructions;
			sourceTree = "<group>";
		};
		25DCB562291416A5004921DD /* RAM */ = {
			isa = PBXGroup;
			children = (
				257583D4290C5FAA00619A7E /* Memory.swift */,
				25C3672729150E0D009FF03D /* Memory+CustomStringConvertible.swift */,
			);
			path = RAM;
			sourceTree = "<group>";
		};
		25DCB56529141756004921DD /* CPU */ = {
			isa = PBXGroup;
			children = (
				25C36733291615DD009FF03D /* Instructions */,
				2539A0DC290DC103006E0CA4 /* Clock.swift */,
				2539A0D8290D9FFD006E0CA4 /* Core.swift */,
				2539A0DE290E8D8C006E0CA4 /* MMU.swift */,
				25C3673A29162C69009FF03D /* ALU.swift */,
				25C3673E29164041009FF03D /* CU.swift */,
			);
			path = CPU;
			sourceTree = "<group>";
		};
		25DCB5702914A913004921DD /* Kernel */ = {
			isa = PBXGroup;
			children = (
				25DCB5712914ACE2004921DD /* Interrupt Vector */,
				2539A0E4290EA436006E0CA4 /* Kernel.swift */,
				25DCB5882914B85F004921DD /* Scheduler.swift */,
				25DCB58A2914B8B7004921DD /* Allocator.swift */,
			);
			path = Kernel;
			sourceTree = "<group>";
		};
		25DCB5712914ACE2004921DD /* Interrupt Vector */ = {
			isa = PBXGroup;
			children = (
				2539A0E6290EA99A006E0CA4 /* Handler.swift */,
				25C3674929169BFB009FF03D /* Kernel Interrupts.swift */,
				25DCB5752914AE3D004921DD /* Programme Interrupts.swift */,
				25DCB57C2914B2A4004921DD /* Process Interrupts.swift */,
				25C3673629161B50009FF03D /* Core Interrupts.swift */,
				25DCB56C291418AF004921DD /* MMU Interrupts.swift */,
				25C3673C29163636009FF03D /* ALU Interrupts.swift */,
				25C36740291648EE009FF03D /* CU Interrupts.swift */,
			);
			path = "Interrupt Vector";
			sourceTree = "<group>";
		};
		25DCB5792914B26B004921DD /* Process */ = {
			isa = PBXGroup;
			children = (
				2539A0DA290DA60A006E0CA4 /* Process.swift */,
				25DCB57A2914B284004921DD /* State.swift */,
				25DCB57E2914B2CA004921DD /* Process ID.swift */,
				25DCB5842914B5BE004921DD /* Process+Comparable.swift */,
				25C3672C29151E8B009FF03D /* Process+CustomStringConvertible.swift */,
			);
			path = Process;
			sourceTree = "<group>";
		};
		25DCB58E2914E523004921DD /* Data Structures */ = {
			isa = PBXGroup;
			children = (
				25C3672929150E56009FF03D /* Frame */,
				25DCB5932914E7C1004921DD /* Queues */,
				25DCB5792914B26B004921DD /* Process */,
				25DCB5912914E775004921DD /* Time.swift */,
				257583D6290C5FCC00619A7E /* Byte.swift */,
				257583DC290CED5F00619A7E /* Word.swift */,
				25DCB567291417C3004921DD /* Register.swift */,
				257583DA290CE74000619A7E /* Address.swift */,
				2566B32529129ECE00B0548E /* PageTable.swift */,
				25C3672E291601DA009FF03D /* Instruction.swift */,
				25758402290D545500619A7E /* Programme.swift */,
			);
			path = "Data Structures";
			sourceTree = "<group>";
		};
		25DCB58F2914E583004921DD /* Virtual Machine */ = {
			isa = PBXGroup;
			children = (
				25DCB5702914A913004921DD /* Kernel */,
				25DCB562291416A5004921DD /* RAM */,
				25DCB56529141756004921DD /* CPU */,
				25DCB5602913EBE1004921DD /* Disk.swift */,
				25DCB5942914E841004921DD /* Bootstrap.swift */,
				25DCB5862914B625004921DD /* Interrupt Line.swift */,
			);
			path = "Virtual Machine";
			sourceTree = "<group>";
		};
		25DCB5932914E7C1004921DD /* Queues */ = {
			isa = PBXGroup;
			children = (
				2539A0EA290F5F4B006E0CA4 /* Queue.swift */,
				2539A0F629115920006E0CA4 /* PriorityQueue.swift */,
			);
			path = Queues;
			sourceTree = "<group>";
		};
/* End PBXGroup section */

/* Begin PBXNativeTarget section */
		257583C9290C5F8100619A7E /* cosmOS */ = {
			isa = PBXNativeTarget;
			buildConfigurationList = 257583D1290C5F8100619A7E /* Build configuration list for PBXNativeTarget "cosmOS" */;
			buildPhases = (
				257583C6290C5F8100619A7E /* Sources */,
				257583C7290C5F8100619A7E /* Frameworks */,
				257583C8290C5F8100619A7E /* CopyFiles */,
			);
			buildRules = (
			);
			dependencies = (
			);
			name = cosmOS;
			packageProductDependencies = (
			);
			productName = cosmOS;
			productReference = 257583CA290C5F8100619A7E /* cosmOS */;
			productType = "com.apple.product-type.tool";
		};
/* End PBXNativeTarget section */

/* Begin PBXProject section */
		257583C2290C5F8100619A7E /* Project object */ = {
			isa = PBXProject;
			attributes = {
				BuildIndependentTargetsInParallel = 1;
				LastSwiftUpdateCheck = 1400;
				LastUpgradeCheck = 1410;
				TargetAttributes = {
					257583C9290C5F8100619A7E = {
						CreatedOnToolsVersion = 14.0.1;
					};
				};
			};
			buildConfigurationList = 257583C5290C5F8100619A7E /* Build configuration list for PBXProject "cosmOS" */;
			compatibilityVersion = "Xcode 14.0";
			developmentRegion = en;
			hasScannedForEncodings = 0;
			knownRegions = (
				en,
				Base,
			);
			mainGroup = 257583C1290C5F8100619A7E;
			packageReferences = (
			);
			productRefGroup = 257583CB290C5F8100619A7E /* Products */;
			projectDirPath = "";
			projectRoot = "";
			targets = (
				257583C9290C5F8100619A7E /* cosmOS */,
			);
		};
/* End PBXProject section */

/* Begin PBXSourcesBuildPhase section */
		257583C6290C5F8100619A7E /* Sources */ = {
			isa = PBXSourcesBuildPhase;
			buildActionMask = 2147483647;
			files = (
				25DCB5922914E775004921DD /* Time.swift in Sources */,
				25DCB57F2914B2CA004921DD /* Process ID.swift in Sources */,
				25C3673F29164041009FF03D /* CU.swift in Sources */,
				25DCB5612913EBE1004921DD /* Disk.swift in Sources */,
				2539A0E5290EA436006E0CA4 /* Kernel.swift in Sources */,
				25DCB5892914B85F004921DD /* Scheduler.swift in Sources */,
				25C3672B29150E67009FF03D /* Frame+CustomStringConvertible.swift in Sources */,
				25C36745291674A2009FF03D /* MMU Instructions.swift in Sources */,
				25DCB5852914B5BE004921DD /* Process+Comparable.swift in Sources */,
				25758403290D545500619A7E /* Programme.swift in Sources */,
				25C36735291615E9009FF03D /* ISA.swift in Sources */,
				25DCB5952914E841004921DD /* Bootstrap.swift in Sources */,
				25C367392916218E009FF03D /* ALU Instructions.swift in Sources */,
				25C3673729161B50009FF03D /* Core Interrupts.swift in Sources */,
				25DCB5872914B625004921DD /* Interrupt Line.swift in Sources */,
				257583D7290C5FCC00619A7E /* Byte.swift in Sources */,
				257583D5290C5FAA00619A7E /* Memory.swift in Sources */,
				25C3673D29163636009FF03D /* ALU Interrupts.swift in Sources */,
				25C3672829150E0D009FF03D /* Memory+CustomStringConvertible.swift in Sources */,
				2539A0EB290F5F4B006E0CA4 /* Queue.swift in Sources */,
				25DCB5762914AE3D004921DD /* Programme Interrupts.swift in Sources */,
				2539A0F729115920006E0CA4 /* PriorityQueue.swift in Sources */,
				25C3672F291601DA009FF03D /* Instruction.swift in Sources */,
				2539A0DD290DC103006E0CA4 /* Clock.swift in Sources */,
				257583DD290CED5F00619A7E /* Word.swift in Sources */,
				25C36747291674AE009FF03D /* CU Instructions.swift in Sources */,
				25DCB564291416D8004921DD /* Frame.swift in Sources */,
				25C3674A29169BFB009FF03D /* Kernel Interrupts.swift in Sources */,
				2539A0DF290E8D8C006E0CA4 /* MMU.swift in Sources */,
				25DCB58B2914B8B7004921DD /* Allocator.swift in Sources */,
				25C3672D29151E8B009FF03D /* Process+CustomStringConvertible.swift in Sources */,
				25DCB56D291418AF004921DD /* MMU Interrupts.swift in Sources */,
				2539A0DB290DA60A006E0CA4 /* Process.swift in Sources */,
				25C36741291648EF009FF03D /* CU Interrupts.swift in Sources */,
				25DCB568291417C3004921DD /* Register.swift in Sources */,
				257583DB290CE74000619A7E /* Address.swift in Sources */,
				25DCB57D2914B2A4004921DD /* Process Interrupts.swift in Sources */,
				2539A0E7290EA99A006E0CA4 /* Handler.swift in Sources */,
				2539A0D9290D9FFD006E0CA4 /* Core.swift in Sources */,
				2566B32629129ECE00B0548E /* PageTable.swift in Sources */,
				25C3673B29162C69009FF03D /* ALU.swift in Sources */,
				257583CE290C5F8100619A7E /* main.swift in Sources */,
				25DCB57B2914B284004921DD /* State.swift in Sources */,
			);
			runOnlyForDeploymentPostprocessing = 0;
		};
/* End PBXSourcesBuildPhase section */

/* Begin XCBuildConfiguration section */
		257583CF290C5F8100619A7E /* Debug */ = {
			isa = XCBuildConfiguration;
			buildSettings = {
				ALWAYS_SEARCH_USER_PATHS = NO;
				CLANG_ANALYZER_NONNULL = YES;
				CLANG_ANALYZER_NUMBER_OBJECT_CONVERSION = YES_AGGRESSIVE;
				CLANG_CXX_LANGUAGE_STANDARD = "gnu++20";
				CLANG_ENABLE_MODULES = YES;
				CLANG_ENABLE_OBJC_ARC = YES;
				CLANG_ENABLE_OBJC_WEAK = YES;
				CLANG_WARN_BLOCK_CAPTURE_AUTORELEASING = YES;
				CLANG_WARN_BOOL_CONVERSION = YES;
				CLANG_WARN_COMMA = YES;
				CLANG_WARN_CONSTANT_CONVERSION = YES;
				CLANG_WARN_DEPRECATED_OBJC_IMPLEMENTATIONS = YES;
				CLANG_WARN_DIRECT_OBJC_ISA_USAGE = YES_ERROR;
				CLANG_WARN_DOCUMENTATION_COMMENTS = YES;
				CLANG_WARN_EMPTY_BODY = YES;
				CLANG_WARN_ENUM_CONVERSION = YES;
				CLANG_WARN_INFINITE_RECURSION = YES;
				CLANG_WARN_INT_CONVERSION = YES;
				CLANG_WARN_NON_LITERAL_NULL_CONVERSION = YES;
				CLANG_WARN_OBJC_IMPLICIT_RETAIN_SELF = YES;
				CLANG_WARN_OBJC_LITERAL_CONVERSION = YES;
				CLANG_WARN_OBJC_ROOT_CLASS = YES_ERROR;
				CLANG_WARN_QUOTED_INCLUDE_IN_FRAMEWORK_HEADER = YES;
				CLANG_WARN_RANGE_LOOP_ANALYSIS = YES;
				CLANG_WARN_STRICT_PROTOTYPES = YES;
				CLANG_WARN_SUSPICIOUS_MOVE = YES;
				CLANG_WARN_UNGUARDED_AVAILABILITY = YES_AGGRESSIVE;
				CLANG_WARN_UNREACHABLE_CODE = YES;
				CLANG_WARN__DUPLICATE_METHOD_MATCH = YES;
				COPY_PHASE_STRIP = NO;
				DEAD_CODE_STRIPPING = YES;
				DEBUG_INFORMATION_FORMAT = dwarf;
				ENABLE_STRICT_OBJC_MSGSEND = YES;
				ENABLE_TESTABILITY = YES;
				GCC_C_LANGUAGE_STANDARD = gnu11;
				GCC_DYNAMIC_NO_PIC = NO;
				GCC_NO_COMMON_BLOCKS = YES;
				GCC_OPTIMIZATION_LEVEL = 0;
				GCC_PREPROCESSOR_DEFINITIONS = (
					"DEBUG=1",
					"$(inherited)",
				);
				GCC_WARN_64_TO_32_BIT_CONVERSION = YES;
				GCC_WARN_ABOUT_RETURN_TYPE = YES_ERROR;
				GCC_WARN_UNDECLARED_SELECTOR = YES;
				GCC_WARN_UNINITIALIZED_AUTOS = YES_AGGRESSIVE;
				GCC_WARN_UNUSED_FUNCTION = YES;
				GCC_WARN_UNUSED_VARIABLE = YES;
				MACOSX_DEPLOYMENT_TARGET = 12.3;
				MTL_ENABLE_DEBUG_INFO = INCLUDE_SOURCE;
				MTL_FAST_MATH = YES;
				ONLY_ACTIVE_ARCH = YES;
				SDKROOT = macosx;
				SWIFT_ACTIVE_COMPILATION_CONDITIONS = DEBUG;
				SWIFT_OPTIMIZATION_LEVEL = "-Onone";
			};
			name = Debug;
		};
		257583D0290C5F8100619A7E /* Release */ = {
			isa = XCBuildConfiguration;
			buildSettings = {
				ALWAYS_SEARCH_USER_PATHS = NO;
				CLANG_ANALYZER_NONNULL = YES;
				CLANG_ANALYZER_NUMBER_OBJECT_CONVERSION = YES_AGGRESSIVE;
				CLANG_CXX_LANGUAGE_STANDARD = "gnu++20";
				CLANG_ENABLE_MODULES = YES;
				CLANG_ENABLE_OBJC_ARC = YES;
				CLANG_ENABLE_OBJC_WEAK = YES;
				CLANG_WARN_BLOCK_CAPTURE_AUTORELEASING = YES;
				CLANG_WARN_BOOL_CONVERSION = YES;
				CLANG_WARN_COMMA = YES;
				CLANG_WARN_CONSTANT_CONVERSION = YES;
				CLANG_WARN_DEPRECATED_OBJC_IMPLEMENTATIONS = YES;
				CLANG_WARN_DIRECT_OBJC_ISA_USAGE = YES_ERROR;
				CLANG_WARN_DOCUMENTATION_COMMENTS = YES;
				CLANG_WARN_EMPTY_BODY = YES;
				CLANG_WARN_ENUM_CONVERSION = YES;
				CLANG_WARN_INFINITE_RECURSION = YES;
				CLANG_WARN_INT_CONVERSION = YES;
				CLANG_WARN_NON_LITERAL_NULL_CONVERSION = YES;
				CLANG_WARN_OBJC_IMPLICIT_RETAIN_SELF = YES;
				CLANG_WARN_OBJC_LITERAL_CONVERSION = YES;
				CLANG_WARN_OBJC_ROOT_CLASS = YES_ERROR;
				CLANG_WARN_QUOTED_INCLUDE_IN_FRAMEWORK_HEADER = YES;
				CLANG_WARN_RANGE_LOOP_ANALYSIS = YES;
				CLANG_WARN_STRICT_PROTOTYPES = YES;
				CLANG_WARN_SUSPICIOUS_MOVE = YES;
				CLANG_WARN_UNGUARDED_AVAILABILITY = YES_AGGRESSIVE;
				CLANG_WARN_UNREACHABLE_CODE = YES;
				CLANG_WARN__DUPLICATE_METHOD_MATCH = YES;
				COPY_PHASE_STRIP = NO;
				DEAD_CODE_STRIPPING = YES;
				DEBUG_INFORMATION_FORMAT = "dwarf-with-dsym";
				ENABLE_NS_ASSERTIONS = NO;
				ENABLE_STRICT_OBJC_MSGSEND = YES;
				GCC_C_LANGUAGE_STANDARD = gnu11;
				GCC_NO_COMMON_BLOCKS = YES;
				GCC_WARN_64_TO_32_BIT_CONVERSION = YES;
				GCC_WARN_ABOUT_RETURN_TYPE = YES_ERROR;
				GCC_WARN_UNDECLARED_SELECTOR = YES;
				GCC_WARN_UNINITIALIZED_AUTOS = YES_AGGRESSIVE;
				GCC_WARN_UNUSED_FUNCTION = YES;
				GCC_WARN_UNUSED_VARIABLE = YES;
				MACOSX_DEPLOYMENT_TARGET = 12.3;
				MTL_ENABLE_DEBUG_INFO = NO;
				MTL_FAST_MATH = YES;
				SDKROOT = macosx;
				SWIFT_COMPILATION_MODE = wholemodule;
				SWIFT_OPTIMIZATION_LEVEL = "-O";
			};
			name = Release;
		};
		257583D2290C5F8100619A7E /* Debug */ = {
			isa = XCBuildConfiguration;
			buildSettings = {
				CODE_SIGN_IDENTITY = "-";
				CODE_SIGN_STYLE = Automatic;
				DEAD_CODE_STRIPPING = YES;
				DEVELOPMENT_TEAM = 97QHFB89S4;
				ENABLE_HARDENED_RUNTIME = YES;
				PRODUCT_NAME = "$(TARGET_NAME)";
				SWIFT_VERSION = 5.0;
			};
			name = Debug;
		};
		257583D3290C5F8100619A7E /* Release */ = {
			isa = XCBuildConfiguration;
			buildSettings = {
				CODE_SIGN_IDENTITY = "-";
				CODE_SIGN_STYLE = Automatic;
				DEAD_CODE_STRIPPING = YES;
				DEVELOPMENT_TEAM = 97QHFB89S4;
				ENABLE_HARDENED_RUNTIME = YES;
				PRODUCT_NAME = "$(TARGET_NAME)";
				SWIFT_VERSION = 5.0;
			};
			name = Release;
		};
/* End XCBuildConfiguration section */

/* Begin XCConfigurationList section */
		257583C5290C5F8100619A7E /* Build configuration list for PBXProject "cosmOS" */ = {
			isa = XCConfigurationList;
			buildConfigurations = (
				257583CF290C5F8100619A7E /* Debug */,
				257583D0290C5F8100619A7E /* Release */,
			);
			defaultConfigurationIsVisible = 0;
			defaultConfigurationName = Release;
		};
		257583D1290C5F8100619A7E /* Build configuration list for PBXNativeTarget "cosmOS" */ = {
			isa = XCConfigurationList;
			buildConfigurations = (
				257583D2290C5F8100619A7E /* Debug */,
				257583D3290C5F8100619A7E /* Release */,
			);
			defaultConfigurationIsVisible = 0;
			defaultConfigurationName = Release;
		};
/* End XCConfigurationList section */
	};
	rootObject = 257583C2290C5F8100619A7E /* Project object */;
}
